
Microsoft Visual Studio Solution File, Format Version 12.00
# Visual Studio Version 17
VisualStudioVersion = 17.6.33829.357
MinimumVisualStudioVersion = 10.0.40219.1
Project("{9A19103F-16F7-4668-BE54-9A1E7A4F7556}") = "HelpDesk.Host", "src\HelpDesk.Host\HelpDesk.Host.csproj", "{319E159D-E056-4CC4-BFA2-2E4C7C167457}"
EndProject
Project("{2150E333-8FDC-42A3-9474-1A3956D46DE8}") = "Solution Items", "Solution Items", "{937F716B-3626-4FB9-AE21-7E0DE0072080}"
	ProjectSection(SolutionItems) = preProject
		Directory.Build.props = Directory.Build.props
		Directory.Packages.props = Directory.Packages.props
	EndProjectSection
EndProject
Project("{9A19103F-16F7-4668-BE54-9A1E7A4F7556}") = "HelpDesk.Api", "src\HelpDesk.Api\HelpDesk.Api.csproj", "{65CF124D-5DB1-4800-826B-051580A234A7}"
EndProject
Project("{9A19103F-16F7-4668-BE54-9A1E7A4F7556}") = "HelpDesk.Core", "src\HelpDesk.Core\HelpDesk.Core.csproj", "{21258316-D619-4355-B9CF-83A4D4EF70BD}"
EndProject
Project("{2150E333-8FDC-42A3-9474-1A3956D46DE8}") = "test", "test", "{E0FF76C1-D433-4BFB-9F78-86DE300E55E4}"
	ProjectSection(SolutionItems) = preProject
		test\Directory.Build.props = test\Directory.Build.props
		test\Directory.Packages.props = test\Directory.Packages.props
	EndProjectSection
EndProject
Project("{9A19103F-16F7-4668-BE54-9A1E7A4F7556}") = "HelpDesk.Core.Test", "test\HelpDesk.Core.Test\HelpDesk.Core.Test.csproj", "{224CFACA-6F64-4935-BA05-22E3B81DA33E}"
EndProject
Project("{2150E333-8FDC-42A3-9474-1A3956D46DE8}") = "scripts", "scripts", "{67C7A067-6060-435F-B2E8-965766D4CAA0}"
	ProjectSection(SolutionItems) = preProject
		scripts\docker-build.cmd = scripts\docker-build.cmd
		scripts\docker-compose.yml = scripts\docker-compose.yml
		scripts\docker-images-clean.cmd = scripts\docker-images-clean.cmd
		scripts\tye.yaml = scripts\tye.yaml
	EndProjectSection
EndProject
Global
	GlobalSection(SolutionConfigurationPlatforms) = preSolution
		Debug|Any CPU = Debug|Any CPU
		Release|Any CPU = Release|Any CPU
	EndGlobalSection
	GlobalSection(ProjectConfigurationPlatforms) = postSolution
		{319E159D-E056-4CC4-BFA2-2E4C7C167457}.Debug|Any CPU.ActiveCfg = Debug|Any CPU
		{319E159D-E056-4CC4-BFA2-2E4C7C167457}.Debug|Any CPU.Build.0 = Debug|Any CPU
		{319E159D-E056-4CC4-BFA2-2E4C7C167457}.Release|Any CPU.ActiveCfg = Release|Any CPU
		{319E159D-E056-4CC4-BFA2-2E4C7C167457}.Release|Any CPU.Build.0 = Release|Any CPU
		{65CF124D-5DB1-4800-826B-051580A234A7}.Debug|Any CPU.ActiveCfg = Debug|Any CPU
		{65CF124D-5DB1-4800-826B-051580A234A7}.Debug|Any CPU.Build.0 = Debug|Any CPU
		{65CF124D-5DB1-4800-826B-051580A234A7}.Release|Any CPU.ActiveCfg = Release|Any CPU
		{65CF124D-5DB1-4800-826B-051580A234A7}.Release|Any CPU.Build.0 = Release|Any CPU
		{21258316-D619-4355-B9CF-83A4D4EF70BD}.Debug|Any CPU.ActiveCfg = Debug|Any CPU
		{21258316-D619-4355-B9CF-83A4D4EF70BD}.Debug|Any CPU.Build.0 = Debug|Any CPU
		{21258316-D619-4355-B9CF-83A4D4EF70BD}.Release|Any CPU.ActiveCfg = Release|Any CPU
		{21258316-D619-4355-B9CF-83A4D4EF70BD}.Release|Any CPU.Build.0 = Release|Any CPU
		{224CFACA-6F64-4935-BA05-22E3B81DA33E}.Debug|Any CPU.ActiveCfg = Debug|Any CPU
		{224CFACA-6F64-4935-BA05-22E3B81DA33E}.Debug|Any CPU.Build.0 = Debug|Any CPU
		{224CFACA-6F64-4935-BA05-22E3B81DA33E}.Release|Any CPU.ActiveCfg = Release|Any CPU
		{224CFACA-6F64-4935-BA05-22E3B81DA33E}.Release|Any CPU.Build.0 = Release|Any CPU
	EndGlobalSection
	GlobalSection(SolutionProperties) = preSolution
		HideSolutionNode = FALSE
	EndGlobalSection
	GlobalSection(NestedProjects) = preSolution
		{224CFACA-6F64-4935-BA05-22E3B81DA33E} = {E0FF76C1-D433-4BFB-9F78-86DE300E55E4}
		{67C7A067-6060-435F-B2E8-965766D4CAA0} = {937F716B-3626-4FB9-AE21-7E0DE0072080}
	EndGlobalSection
	GlobalSection(ExtensibilityGlobals) = postSolution
		SolutionGuid = {F5D12971-71E5-4212-B863-DB7E4D74D81E}
	EndGlobalSection
EndGlobal
